// !$*UTF8*$!
{
	archiveVersion = 1;
	classes = {
	};
	objectVersion = 56;
	objects = {

/* Begin PBXBuildFile section */
		5B05DA1E2B2985FF00CBE5FD /* ViewInspector.swift in Sources */ = {isa = PBXBuildFile; fileRef = 5B05DA1D2B2985FF00CBE5FD /* ViewInspector.swift */; };
		5B05DA212B298A3B00CBE5FD /* FatchListTableViewCell.swift in Sources */ = {isa = PBXBuildFile; fileRef = 5B05DA202B298A3B00CBE5FD /* FatchListTableViewCell.swift */; };
		5B05DA242B298BC500CBE5FD /* AddListView.storyboard in Resources */ = {isa = PBXBuildFile; fileRef = 5B05DA232B298BC500CBE5FD /* AddListView.storyboard */; };
		5B05DA272B298BFC00CBE5FD /* AddListViewController.swift in Sources */ = {isa = PBXBuildFile; fileRef = 5B05DA262B298BFC00CBE5FD /* AddListViewController.swift */; };
		5B05DA2B2B29A80100CBE5FD /* DateViewController.swift in Sources */ = {isa = PBXBuildFile; fileRef = 5B05DA2A2B29A80100CBE5FD /* DateViewController.swift */; };
		5B05DA2D2B29A81100CBE5FD /* DateView.storyboard in Resources */ = {isa = PBXBuildFile; fileRef = 5B05DA2C2B29A81100CBE5FD /* DateView.storyboard */; };
		5B2052292B29CBFB00B140B2 /* FatchListCollectionViewCell.swift in Sources */ = {isa = PBXBuildFile; fileRef = 5B2052282B29CBFB00B140B2 /* FatchListCollectionViewCell.swift */; };
		5B20522D2B29CE9900B140B2 /* SelectStyleViewController.swift in Sources */ = {isa = PBXBuildFile; fileRef = 5B20522C2B29CE9900B140B2 /* SelectStyleViewController.swift */; };
		5B20522F2B29CEAB00B140B2 /* SelectStyle.storyboard in Resources */ = {isa = PBXBuildFile; fileRef = 5B20522E2B29CEAB00B140B2 /* SelectStyle.storyboard */; };
		5B8879292B319797000AB592 /* DropDownTableViewCell.swift in Sources */ = {isa = PBXBuildFile; fileRef = 5B8879282B319797000AB592 /* DropDownTableViewCell.swift */; };
		5B88792B2B31B2E7000AB592 /* LabelInspector.swift in Sources */ = {isa = PBXBuildFile; fileRef = 5B88792A2B31B2E7000AB592 /* LabelInspector.swift */; };
		5B976CF82B2ABAE200E687B6 /* CalanderModual.swift in Sources */ = {isa = PBXBuildFile; fileRef = 5B976CF72B2ABAE200E687B6 /* CalanderModual.swift */; };
		5B976CFB2B2AD1FC00E687B6 /* DataBaseManager.swift in Sources */ = {isa = PBXBuildFile; fileRef = 5B976CFA2B2AD1FC00E687B6 /* DataBaseManager.swift */; };
		5B976CFD2B2AD24300E687B6 /* DBModual.swift in Sources */ = {isa = PBXBuildFile; fileRef = 5B976CFC2B2AD24300E687B6 /* DBModual.swift */; };
		5BA0A6B72B296E7C00EB3720 /* MenuCollectionViewCell.swift in Sources */ = {isa = PBXBuildFile; fileRef = 5BA0A6B62B296E7C00EB3720 /* MenuCollectionViewCell.swift */; };
		5BA29FA32B2871B600105A86 /* AppDelegate.swift in Sources */ = {isa = PBXBuildFile; fileRef = 5BA29FA22B2871B600105A86 /* AppDelegate.swift */; };
		5BA29FA52B2871B600105A86 /* SceneDelegate.swift in Sources */ = {isa = PBXBuildFile; fileRef = 5BA29FA42B2871B600105A86 /* SceneDelegate.swift */; };
		5BA29FA72B2871B600105A86 /* ViewController.swift in Sources */ = {isa = PBXBuildFile; fileRef = 5BA29FA62B2871B600105A86 /* ViewController.swift */; };
		5BA29FAA2B2871B600105A86 /* Main.storyboard in Resources */ = {isa = PBXBuildFile; fileRef = 5BA29FA82B2871B600105A86 /* Main.storyboard */; };
		5BA29FAC2B2871B700105A86 /* Assets.xcassets in Resources */ = {isa = PBXBuildFile; fileRef = 5BA29FAB2B2871B700105A86 /* Assets.xcassets */; };
		5BA29FAF2B2871B700105A86 /* LaunchScreen.storyboard in Resources */ = {isa = PBXBuildFile; fileRef = 5BA29FAD2B2871B700105A86 /* LaunchScreen.storyboard */; };
		5BA29FBB2B28761200105A86 /* ButtonInspector.swift in Sources */ = {isa = PBXBuildFile; fileRef = 5BA29FBA2B28761200105A86 /* ButtonInspector.swift */; };
		5BA29FBE2B28791700105A86 /* FatchData.storyboard in Resources */ = {isa = PBXBuildFile; fileRef = 5BA29FBD2B28791700105A86 /* FatchData.storyboard */; };
		5BA29FC12B28795300105A86 /* FatchDataViewController.swift in Sources */ = {isa = PBXBuildFile; fileRef = 5BA29FC02B28795300105A86 /* FatchDataViewController.swift */; };
		5BA29FC52B287C8E00105A86 /* DateCollectionViewCell.swift in Sources */ = {isa = PBXBuildFile; fileRef = 5BA29FC42B287C8E00105A86 /* DateCollectionViewCell.swift */; };
		5BB3AB3B2B3005A0008548FA /* TabBarLikeView.storyboard in Resources */ = {isa = PBXBuildFile; fileRef = 5BB3AB3A2B3005A0008548FA /* TabBarLikeView.storyboard */; };
		5BB3AB3F2B3005D5008548FA /* TabBarViewController.swift in Sources */ = {isa = PBXBuildFile; fileRef = 5BB3AB3E2B3005D5008548FA /* TabBarViewController.swift */; };
/* End PBXBuildFile section */

/* Begin PBXFileReference section */
		5B05DA1D2B2985FF00CBE5FD /* ViewInspector.swift */ = {isa = PBXFileReference; lastKnownFileType = sourcecode.swift; path = ViewInspector.swift; sourceTree = "<group>"; };
		5B05DA202B298A3B00CBE5FD /* FatchListTableViewCell.swift */ = {isa = PBXFileReference; lastKnownFileType = sourcecode.swift; path = FatchListTableViewCell.swift; sourceTree = "<group>"; };
		5B05DA232B298BC500CBE5FD /* AddListView.storyboard */ = {isa = PBXFileReference; lastKnownFileType = file.storyboard; path = AddListView.storyboard; sourceTree = "<group>"; };
		5B05DA262B298BFC00CBE5FD /* AddListViewController.swift */ = {isa = PBXFileReference; lastKnownFileType = sourcecode.swift; path = AddListViewController.swift; sourceTree = "<group>"; };
		5B05DA2A2B29A80100CBE5FD /* DateViewController.swift */ = {isa = PBXFileReference; lastKnownFileType = sourcecode.swift; path = DateViewController.swift; sourceTree = "<group>"; };
		5B05DA2C2B29A81100CBE5FD /* DateView.storyboard */ = {isa = PBXFileReference; lastKnownFileType = file.storyboard; path = DateView.storyboard; sourceTree = "<group>"; };
		5B2052282B29CBFB00B140B2 /* FatchListCollectionViewCell.swift */ = {isa = PBXFileReference; lastKnownFileType = sourcecode.swift; path = FatchListCollectionViewCell.swift; sourceTree = "<group>"; };
		5B20522C2B29CE9900B140B2 /* SelectStyleViewController.swift */ = {isa = PBXFileReference; lastKnownFileType = sourcecode.swift; path = SelectStyleViewController.swift; sourceTree = "<group>"; };
		5B20522E2B29CEAB00B140B2 /* SelectStyle.storyboard */ = {isa = PBXFileReference; lastKnownFileType = file.storyboard; path = SelectStyle.storyboard; sourceTree = "<group>"; };
		5B8879282B319797000AB592 /* DropDownTableViewCell.swift */ = {isa = PBXFileReference; lastKnownFileType = sourcecode.swift; path = DropDownTableViewCell.swift; sourceTree = "<group>"; };
		5B88792A2B31B2E7000AB592 /* LabelInspector.swift */ = {isa = PBXFileReference; lastKnownFileType = sourcecode.swift; path = LabelInspector.swift; sourceTree = "<group>"; };
		5B976CF72B2ABAE200E687B6 /* CalanderModual.swift */ = {isa = PBXFileReference; lastKnownFileType = sourcecode.swift; path = CalanderModual.swift; sourceTree = "<group>"; };
		5B976CFA2B2AD1FC00E687B6 /* DataBaseManager.swift */ = {isa = PBXFileReference; lastKnownFileType = sourcecode.swift; path = DataBaseManager.swift; sourceTree = "<group>"; };
		5B976CFC2B2AD24300E687B6 /* DBModual.swift */ = {isa = PBXFileReference; lastKnownFileType = sourcecode.swift; path = DBModual.swift; sourceTree = "<group>"; };
		5BA0A6B62B296E7C00EB3720 /* MenuCollectionViewCell.swift */ = {isa = PBXFileReference; lastKnownFileType = sourcecode.swift; path = MenuCollectionViewCell.swift; sourceTree = "<group>"; };
		5BA29F9F2B2871B600105A86 /* ToDoData1.app */ = {isa = PBXFileReference; explicitFileType = wrapper.application; includeInIndex = 0; path = ToDoData1.app; sourceTree = BUILT_PRODUCTS_DIR; };
		5BA29FA22B2871B600105A86 /* AppDelegate.swift */ = {isa = PBXFileReference; lastKnownFileType = sourcecode.swift; path = AppDelegate.swift; sourceTree = "<group>"; };
		5BA29FA42B2871B600105A86 /* SceneDelegate.swift */ = {isa = PBXFileReference; lastKnownFileType = sourcecode.swift; path = SceneDelegate.swift; sourceTree = "<group>"; };
		5BA29FA62B2871B600105A86 /* ViewController.swift */ = {isa = PBXFileReference; lastKnownFileType = sourcecode.swift; path = ViewController.swift; sourceTree = "<group>"; };
		5BA29FA92B2871B600105A86 /* Base */ = {isa = PBXFileReference; lastKnownFileType = file.storyboard; name = Base; path = Base.lproj/Main.storyboard; sourceTree = "<group>"; };
		5BA29FAB2B2871B700105A86 /* Assets.xcassets */ = {isa = PBXFileReference; lastKnownFileType = folder.assetcatalog; path = Assets.xcassets; sourceTree = "<group>"; };
		5BA29FAE2B2871B700105A86 /* Base */ = {isa = PBXFileReference; lastKnownFileType = file.storyboard; name = Base; path = Base.lproj/LaunchScreen.storyboard; sourceTree = "<group>"; };
		5BA29FB02B2871B700105A86 /* Info.plist */ = {isa = PBXFileReference; lastKnownFileType = text.plist.xml; path = Info.plist; sourceTree = "<group>"; };
		5BA29FBA2B28761200105A86 /* ButtonInspector.swift */ = {isa = PBXFileReference; lastKnownFileType = sourcecode.swift; path = ButtonInspector.swift; sourceTree = "<group>"; };
		5BA29FBD2B28791700105A86 /* FatchData.storyboard */ = {isa = PBXFileReference; lastKnownFileType = file.storyboard; path = FatchData.storyboard; sourceTree = "<group>"; };
		5BA29FC02B28795300105A86 /* FatchDataViewController.swift */ = {isa = PBXFileReference; lastKnownFileType = sourcecode.swift; path = FatchDataViewController.swift; sourceTree = "<group>"; };
		5BA29FC42B287C8E00105A86 /* DateCollectionViewCell.swift */ = {isa = PBXFileReference; lastKnownFileType = sourcecode.swift; path = DateCollectionViewCell.swift; sourceTree = "<group>"; };
		5BB3AB3A2B3005A0008548FA /* TabBarLikeView.storyboard */ = {isa = PBXFileReference; lastKnownFileType = file.storyboard; path = TabBarLikeView.storyboard; sourceTree = "<group>"; };
		5BB3AB3E2B3005D5008548FA /* TabBarViewController.swift */ = {isa = PBXFileReference; lastKnownFileType = sourcecode.swift; path = TabBarViewController.swift; sourceTree = "<group>"; };
/* End PBXFileReference section */

/* Begin PBXFrameworksBuildPhase section */
		5BA29F9C2B2871B600105A86 /* Frameworks */ = {
			isa = PBXFrameworksBuildPhase;
			buildActionMask = 2147483647;
			files = (
			);
			runOnlyForDeploymentPostprocessing = 0;
		};
/* End PBXFrameworksBuildPhase section */

/* Begin PBXGroup section */
		5B05DA1F2B298A0A00CBE5FD /* TableViewCell */ = {
			isa = PBXGroup;
			children = (
				5B05DA202B298A3B00CBE5FD /* FatchListTableViewCell.swift */,
				5B8879282B319797000AB592 /* DropDownTableViewCell.swift */,
			);
			path = TableViewCell;
			sourceTree = "<group>";
		};
		5B05DA222B298BA500CBE5FD /* AddListView */ = {
			isa = PBXGroup;
			children = (
				5B05DA232B298BC500CBE5FD /* AddListView.storyboard */,
			);
			path = AddListView;
			sourceTree = "<group>";
		};
		5B05DA252B298BD800CBE5FD /* AddListController */ = {
			isa = PBXGroup;
			children = (
				5B05DA262B298BFC00CBE5FD /* AddListViewController.swift */,
			);
			path = AddListController;
			sourceTree = "<group>";
		};
		5B05DA282B29A75D00CBE5FD /* DateController */ = {
			isa = PBXGroup;
			children = (
				5B05DA2A2B29A80100CBE5FD /* DateViewController.swift */,
			);
			path = DateController;
			sourceTree = "<group>";
		};
		5B05DA292B29A76E00CBE5FD /* DateView */ = {
			isa = PBXGroup;
			children = (
				5B05DA2C2B29A81100CBE5FD /* DateView.storyboard */,
			);
			path = DateView;
			sourceTree = "<group>";
		};
		5B20522A2B29CE3500B140B2 /* SelectStyleController */ = {
			isa = PBXGroup;
			children = (
				5B20522C2B29CE9900B140B2 /* SelectStyleViewController.swift */,
			);
			path = SelectStyleController;
			sourceTree = "<group>";
		};
		5B20522B2B29CE6300B140B2 /* SelectStyleView */ = {
			isa = PBXGroup;
			children = (
				5B20522E2B29CEAB00B140B2 /* SelectStyle.storyboard */,
			);
			path = SelectStyleView;
			sourceTree = "<group>";
		};
		5B976CF92B2AD1C300E687B6 /* DataBaseManager */ = {
			isa = PBXGroup;
			children = (
				5B976CFA2B2AD1FC00E687B6 /* DataBaseManager.swift */,
			);
			path = DataBaseManager;
			sourceTree = "<group>";
		};
		5BA29F962B2871B600105A86 = {
			isa = PBXGroup;
			children = (
				5BA29FA12B2871B600105A86 /* ToDoData1 */,
				5BA29FA02B2871B600105A86 /* Products */,
			);
			sourceTree = "<group>";
		};
		5BA29FA02B2871B600105A86 /* Products */ = {
			isa = PBXGroup;
			children = (
				5BA29F9F2B2871B600105A86 /* ToDoData1.app */,
			);
			name = Products;
			sourceTree = "<group>";
		};
		5BA29FA12B2871B600105A86 /* ToDoData1 */ = {
			isa = PBXGroup;
			children = (
				5BA29FA42B2871B600105A86 /* SceneDelegate.swift */,
				5BA29FA22B2871B600105A86 /* AppDelegate.swift */,
				5BA29FB82B2871C600105A86 /* Modal */,
				5BA29FB72B2871C300105A86 /* View */,
				5BA29FB62B2871BF00105A86 /* Controller */,
				5B976CF92B2AD1C300E687B6 /* DataBaseManager */,
				5B05DA1F2B298A0A00CBE5FD /* TableViewCell */,
				5BA29FC22B287C5A00105A86 /* CollectionViewCell */,
				5BA29FB92B2875D500105A86 /* Attribute Inspector */,
				5BA29FAB2B2871B700105A86 /* Assets.xcassets */,
				5BA29FB02B2871B700105A86 /* Info.plist */,
			);
			path = ToDoData1;
			sourceTree = "<group>";
		};
		5BA29FB62B2871BF00105A86 /* Controller */ = {
			isa = PBXGroup;
			children = (
				5BA29FA62B2871B600105A86 /* ViewController.swift */,
				5BB3AB3C2B3005A7008548FA /* TabBarController */,
				5BA29FBF2B28792600105A86 /* FatchDataController */,
				5B05DA252B298BD800CBE5FD /* AddListController */,
				5B20522A2B29CE3500B140B2 /* SelectStyleController */,
				5B05DA282B29A75D00CBE5FD /* DateController */,
			);
			path = Controller;
			sourceTree = "<group>";
		};
		5BA29FB72B2871C300105A86 /* View */ = {
			isa = PBXGroup;
			children = (
				5BA29FA82B2871B600105A86 /* Main.storyboard */,
				5BA29FAD2B2871B700105A86 /* LaunchScreen.storyboard */,
				5BB3AB392B30057D008548FA /* TabbarLikeView */,
				5B20522B2B29CE6300B140B2 /* SelectStyleView */,
				5B05DA292B29A76E00CBE5FD /* DateView */,
				5B05DA222B298BA500CBE5FD /* AddListView */,
				5BA29FBC2B2878F000105A86 /* FatchDataView */,
			);
			path = View;
			sourceTree = "<group>";
		};
		5BA29FB82B2871C600105A86 /* Modal */ = {
			isa = PBXGroup;
			children = (
				5B976CF72B2ABAE200E687B6 /* CalanderModual.swift */,
				5B976CFC2B2AD24300E687B6 /* DBModual.swift */,
			);
			path = Modal;
			sourceTree = "<group>";
		};
		5BA29FB92B2875D500105A86 /* Attribute Inspector */ = {
			isa = PBXGroup;
			children = (
				5BA29FBA2B28761200105A86 /* ButtonInspector.swift */,
				5B05DA1D2B2985FF00CBE5FD /* ViewInspector.swift */,
				5B88792A2B31B2E7000AB592 /* LabelInspector.swift */,
			);
			path = "Attribute Inspector";
			sourceTree = "<group>";
		};
		5BA29FBC2B2878F000105A86 /* FatchDataView */ = {
			isa = PBXGroup;
			children = (
				5BA29FBD2B28791700105A86 /* FatchData.storyboard */,
			);
			path = FatchDataView;
			sourceTree = "<group>";
		};
		5BA29FBF2B28792600105A86 /* FatchDataController */ = {
			isa = PBXGroup;
			children = (
				5BA29FC02B28795300105A86 /* FatchDataViewController.swift */,
			);
			path = FatchDataController;
			sourceTree = "<group>";
		};
		5BA29FC22B287C5A00105A86 /* CollectionViewCell */ = {
			isa = PBXGroup;
			children = (
				5BA29FC42B287C8E00105A86 /* DateCollectionViewCell.swift */,
				5BA0A6B62B296E7C00EB3720 /* MenuCollectionViewCell.swift */,
				5B2052282B29CBFB00B140B2 /* FatchListCollectionViewCell.swift */,
			);
			path = CollectionViewCell;
			sourceTree = "<group>";
		};
		5BB3AB392B30057D008548FA /* TabbarLikeView */ = {
			isa = PBXGroup;
			children = (
				5BB3AB3A2B3005A0008548FA /* TabBarLikeView.storyboard */,
			);
			path = TabbarLikeView;
			sourceTree = "<group>";
		};
		5BB3AB3C2B3005A7008548FA /* TabBarController */ = {
			isa = PBXGroup;
			children = (
				5BB3AB3E2B3005D5008548FA /* TabBarViewController.swift */,
			);
			path = TabBarController;
			sourceTree = "<group>";
		};
/* End PBXGroup section */

/* Begin PBXNativeTarget section */
		5BA29F9E2B2871B600105A86 /* ToDoData1 */ = {
			isa = PBXNativeTarget;
			buildConfigurationList = 5BA29FB32B2871B700105A86 /* Build configuration list for PBXNativeTarget "ToDoData1" */;
			buildPhases = (
				5BA29F9B2B2871B600105A86 /* Sources */,
				5BA29F9C2B2871B600105A86 /* Frameworks */,
				5BA29F9D2B2871B600105A86 /* Resources */,
			);
			buildRules = (
			);
			dependencies = (
			);
			name = ToDoData1;
			productName = ToDoData1;
			productReference = 5BA29F9F2B2871B600105A86 /* ToDoData1.app */;
			productType = "com.apple.product-type.application";
		};
/* End PBXNativeTarget section */

/* Begin PBXProject section */
		5BA29F972B2871B600105A86 /* Project object */ = {
			isa = PBXProject;
			attributes = {
				BuildIndependentTargetsInParallel = 1;
				LastSwiftUpdateCheck = 1420;
				LastUpgradeCheck = 1420;
				TargetAttributes = {
					5BA29F9E2B2871B600105A86 = {
						CreatedOnToolsVersion = 14.2;
					};
				};
			};
			buildConfigurationList = 5BA29F9A2B2871B600105A86 /* Build configuration list for PBXProject "ToDoData1" */;
			compatibilityVersion = "Xcode 14.0";
			developmentRegion = en;
			hasScannedForEncodings = 0;
			knownRegions = (
				en,
				Base,
			);
			mainGroup = 5BA29F962B2871B600105A86;
			productRefGroup = 5BA29FA02B2871B600105A86 /* Products */;
			projectDirPath = "";
			projectRoot = "";
			targets = (
				5BA29F9E2B2871B600105A86 /* ToDoData1 */,
			);
		};
/* End PBXProject section */

/* Begin PBXResourcesBuildPhase section */
		5BA29F9D2B2871B600105A86 /* Resources */ = {
			isa = PBXResourcesBuildPhase;
			buildActionMask = 2147483647;
			files = (
				5BA29FAF2B2871B700105A86 /* LaunchScreen.storyboard in Resources */,
				5BA29FAC2B2871B700105A86 /* Assets.xcassets in Resources */,
				5B05DA2D2B29A81100CBE5FD /* DateView.storyboard in Resources */,
				5BA29FAA2B2871B600105A86 /* Main.storyboard in Resources */,
				5BA29FBE2B28791700105A86 /* FatchData.storyboard in Resources */,
				5BB3AB3B2B3005A0008548FA /* TabBarLikeView.storyboard in Resources */,
				5B20522F2B29CEAB00B140B2 /* SelectStyle.storyboard in Resources */,
				5B05DA242B298BC500CBE5FD /* AddListView.storyboard in Resources */,
			);
			runOnlyForDeploymentPostprocessing = 0;
		};
/* End PBXResourcesBuildPhase section */

/* Begin PBXSourcesBuildPhase section */
		5BA29F9B2B2871B600105A86 /* Sources */ = {
			isa = PBXSourcesBuildPhase;
			buildActionMask = 2147483647;
			files = (
				5BA29FA72B2871B600105A86 /* ViewController.swift in Sources */,
				5BA0A6B72B296E7C00EB3720 /* MenuCollectionViewCell.swift in Sources */,
				5BA29FBB2B28761200105A86 /* ButtonInspector.swift in Sources */,
				5BA29FA32B2871B600105A86 /* AppDelegate.swift in Sources */,
				5B05DA2B2B29A80100CBE5FD /* DateViewController.swift in Sources */,
				5B976CFB2B2AD1FC00E687B6 /* DataBaseManager.swift in Sources */,
				5BA29FA52B2871B600105A86 /* SceneDelegate.swift in Sources */,
				5B8879292B319797000AB592 /* DropDownTableViewCell.swift in Sources */,
				5B2052292B29CBFB00B140B2 /* FatchListCollectionViewCell.swift in Sources */,
				5B976CFD2B2AD24300E687B6 /* DBModual.swift in Sources */,
				5B05DA272B298BFC00CBE5FD /* AddListViewController.swift in Sources */,
				5BA29FC52B287C8E00105A86 /* DateCollectionViewCell.swift in Sources */,
				5BB3AB3F2B3005D5008548FA /* TabBarViewController.swift in Sources */,
				5B976CF82B2ABAE200E687B6 /* CalanderModual.swift in Sources */,
				5B05DA212B298A3B00CBE5FD /* FatchListTableViewCell.swift in Sources */,
				5B05DA1E2B2985FF00CBE5FD /* ViewInspector.swift in Sources */,
				5BA29FC12B28795300105A86 /* FatchDataViewController.swift in Sources */,
				5B88792B2B31B2E7000AB592 /* LabelInspector.swift in Sources */,
				5B20522D2B29CE9900B140B2 /* SelectStyleViewController.swift in Sources */,
			);
			runOnlyForDeploymentPostprocessing = 0;
		};
/* End PBXSourcesBuildPhase section */

/* Begin PBXVariantGroup section */
		5BA29FA82B2871B600105A86 /* Main.storyboard */ = {
			isa = PBXVariantGroup;
			children = (
				5BA29FA92B2871B600105A86 /* Base */,
			);
			name = Main.storyboard;
			sourceTree = "<group>";
		};
		5BA29FAD2B2871B700105A86 /* LaunchScreen.storyboard */ = {
			isa = PBXVariantGroup;
			children = (
				5BA29FAE2B2871B700105A86 /* Base */,
			);
			name = LaunchScreen.storyboard;
			sourceTree = "<group>";
		};
/* End PBXVariantGroup section */

/* Begin XCBuildConfiguration section */
		5BA29FB12B2871B700105A86 /* Debug */ = {
			isa = XCBuildConfiguration;
			buildSettings = {
				ALWAYS_SEARCH_USER_PATHS = NO;
				CLANG_ANALYZER_NONNULL = YES;
				CLANG_ANALYZER_NUMBER_OBJECT_CONVERSION = YES_AGGRESSIVE;
				CLANG_CXX_LANGUAGE_STANDARD = "gnu++20";
				CLANG_ENABLE_MODULES = YES;
				CLANG_ENABLE_OBJC_ARC = YES;
				CLANG_ENABLE_OBJC_WEAK = YES;
				CLANG_WARN_BLOCK_CAPTURE_AUTORELEASING = YES;
				CLANG_WARN_BOOL_CONVERSION = YES;
				CLANG_WARN_COMMA = YES;
				CLANG_WARN_CONSTANT_CONVERSION = YES;
				CLANG_WARN_DEPRECATED_OBJC_IMPLEMENTATIONS = YES;
				CLANG_WARN_DIRECT_OBJC_ISA_USAGE = YES_ERROR;
				CLANG_WARN_DOCUMENTATION_COMMENTS = YES;
				CLANG_WARN_EMPTY_BODY = YES;
				CLANG_WARN_ENUM_CONVERSION = YES;
				CLANG_WARN_INFINITE_RECURSION = YES;
				CLANG_WARN_INT_CONVERSION = YES;
				CLANG_WARN_NON_LITERAL_NULL_CONVERSION = YES;
				CLANG_WARN_OBJC_IMPLICIT_RETAIN_SELF = YES;
				CLANG_WARN_OBJC_LITERAL_CONVERSION = YES;
				CLANG_WARN_OBJC_ROOT_CLASS = YES_ERROR;
				CLANG_WARN_QUOTED_INCLUDE_IN_FRAMEWORK_HEADER = YES;
				CLANG_WARN_RANGE_LOOP_ANALYSIS = YES;
				CLANG_WARN_STRICT_PROTOTYPES = YES;
				CLANG_WARN_SUSPICIOUS_MOVE = YES;
				CLANG_WARN_UNGUARDED_AVAILABILITY = YES_AGGRESSIVE;
				CLANG_WARN_UNREACHABLE_CODE = YES;
				CLANG_WARN__DUPLICATE_METHOD_MATCH = YES;
				COPY_PHASE_STRIP = NO;
				DEBUG_INFORMATION_FORMAT = dwarf;
				ENABLE_STRICT_OBJC_MSGSEND = YES;
				ENABLE_TESTABILITY = YES;
				GCC_C_LANGUAGE_STANDARD = gnu11;
				GCC_DYNAMIC_NO_PIC = NO;
				GCC_NO_COMMON_BLOCKS = YES;
				GCC_OPTIMIZATION_LEVEL = 0;
				GCC_PREPROCESSOR_DEFINITIONS = (
					"DEBUG=1",
					"$(inherited)",
				);
				GCC_WARN_64_TO_32_BIT_CONVERSION = YES;
				GCC_WARN_ABOUT_RETURN_TYPE = YES_ERROR;
				GCC_WARN_UNDECLARED_SELECTOR = YES;
				GCC_WARN_UNINITIALIZED_AUTOS = YES_AGGRESSIVE;
				GCC_WARN_UNUSED_FUNCTION = YES;
				GCC_WARN_UNUSED_VARIABLE = YES;
				IPHONEOS_DEPLOYMENT_TARGET = 16.2;
				MTL_ENABLE_DEBUG_INFO = INCLUDE_SOURCE;
				MTL_FAST_MATH = YES;
				ONLY_ACTIVE_ARCH = YES;
				SDKROOT = iphoneos;
				SWIFT_ACTIVE_COMPILATION_CONDITIONS = DEBUG;
				SWIFT_OPTIMIZATION_LEVEL = "-Onone";
			};
			name = Debug;
		};
		5BA29FB22B2871B700105A86 /* Release */ = {
			isa = XCBuildConfiguration;
			buildSettings = {
				ALWAYS_SEARCH_USER_PATHS = NO;
				CLANG_ANALYZER_NONNULL = YES;
				CLANG_ANALYZER_NUMBER_OBJECT_CONVERSION = YES_AGGRESSIVE;
				CLANG_CXX_LANGUAGE_STANDARD = "gnu++20";
				CLANG_ENABLE_MODULES = YES;
				CLANG_ENABLE_OBJC_ARC = YES;
				CLANG_ENABLE_OBJC_WEAK = YES;
				CLANG_WARN_BLOCK_CAPTURE_AUTORELEASING = YES;
				CLANG_WARN_BOOL_CONVERSION = YES;
				CLANG_WARN_COMMA = YES;
				CLANG_WARN_CONSTANT_CONVERSION = YES;
				CLANG_WARN_DEPRECATED_OBJC_IMPLEMENTATIONS = YES;
				CLANG_WARN_DIRECT_OBJC_ISA_USAGE = YES_ERROR;
				CLANG_WARN_DOCUMENTATION_COMMENTS = YES;
				CLANG_WARN_EMPTY_BODY = YES;
				CLANG_WARN_ENUM_CONVERSION = YES;
				CLANG_WARN_INFINITE_RECURSION = YES;
				CLANG_WARN_INT_CONVERSION = YES;
				CLANG_WARN_NON_LITERAL_NULL_CONVERSION = YES;
				CLANG_WARN_OBJC_IMPLICIT_RETAIN_SELF = YES;
				CLANG_WARN_OBJC_LITERAL_CONVERSION = YES;
				CLANG_WARN_OBJC_ROOT_CLASS = YES_ERROR;
				CLANG_WARN_QUOTED_INCLUDE_IN_FRAMEWORK_HEADER = YES;
				CLANG_WARN_RANGE_LOOP_ANALYSIS = YES;
				CLANG_WARN_STRICT_PROTOTYPES = YES;
				CLANG_WARN_SUSPICIOUS_MOVE = YES;
				CLANG_WARN_UNGUARDED_AVAILABILITY = YES_AGGRESSIVE;
				CLANG_WARN_UNREACHABLE_CODE = YES;
				CLANG_WARN__DUPLICATE_METHOD_MATCH = YES;
				COPY_PHASE_STRIP = NO;
				DEBUG_INFORMATION_FORMAT = "dwarf-with-dsym";
				ENABLE_NS_ASSERTIONS = NO;
				ENABLE_STRICT_OBJC_MSGSEND = YES;
				GCC_C_LANGUAGE_STANDARD = gnu11;
				GCC_NO_COMMON_BLOCKS = YES;
				GCC_WARN_64_TO_32_BIT_CONVERSION = YES;
				GCC_WARN_ABOUT_RETURN_TYPE = YES_ERROR;
				GCC_WARN_UNDECLARED_SELECTOR = YES;
				GCC_WARN_UNINITIALIZED_AUTOS = YES_AGGRESSIVE;
				GCC_WARN_UNUSED_FUNCTION = YES;
				GCC_WARN_UNUSED_VARIABLE = YES;
				IPHONEOS_DEPLOYMENT_TARGET = 16.2;
				MTL_ENABLE_DEBUG_INFO = NO;
				MTL_FAST_MATH = YES;
				SDKROOT = iphoneos;
				SWIFT_COMPILATION_MODE = wholemodule;
				SWIFT_OPTIMIZATION_LEVEL = "-O";
				VALIDATE_PRODUCT = YES;
			};
			name = Release;
		};
		5BA29FB42B2871B700105A86 /* Debug */ = {
			isa = XCBuildConfiguration;
			buildSettings = {
				ASSETCATALOG_COMPILER_APPICON_NAME = AppIcon;
				ASSETCATALOG_COMPILER_GLOBAL_ACCENT_COLOR_NAME = AccentColor;
				CODE_SIGN_STYLE = Automatic;
				CURRENT_PROJECT_VERSION = 1;
				GENERATE_INFOPLIST_FILE = YES;
				INFOPLIST_FILE = ToDoData1/Info.plist;
				INFOPLIST_KEY_UIApplicationSupportsIndirectInputEvents = YES;
				INFOPLIST_KEY_UILaunchStoryboardName = LaunchScreen;
				INFOPLIST_KEY_UIMainStoryboardFile = Main;
				INFOPLIST_KEY_UISupportedInterfaceOrientations_iPad = "UIInterfaceOrientationPortrait UIInterfaceOrientationPortraitUpsideDown UIInterfaceOrientationLandscapeLeft UIInterfaceOrientationLandscapeRight";
				INFOPLIST_KEY_UISupportedInterfaceOrientations_iPhone = "UIInterfaceOrientationPortrait UIInterfaceOrientationLandscapeLeft UIInterfaceOrientationLandscapeRight";
				LD_RUNPATH_SEARCH_PATHS = (
					"$(inherited)",
					"@executable_path/Frameworks",
				);
				MARKETING_VERSION = 1.0;
				PRODUCT_BUNDLE_IDENTIFIER = Admin.ToDoData1;
				PRODUCT_NAME = "$(TARGET_NAME)";
				SWIFT_EMIT_LOC_STRINGS = YES;
				SWIFT_VERSION = 5.0;
				TARGETED_DEVICE_FAMILY = "1,2";
			};
			name = Debug;
		};
		5BA29FB52B2871B700105A86 /* Release */ = {
			isa = XCBuildConfiguration;
			buildSettings = {
				ASSETCATALOG_COMPILER_APPICON_NAME = AppIcon;
				ASSETCATALOG_COMPILER_GLOBAL_ACCENT_COLOR_NAME = AccentColor;
				CODE_SIGN_STYLE = Automatic;
				CURRENT_PROJECT_VERSION = 1;
				GENERATE_INFOPLIST_FILE = YES;
				INFOPLIST_FILE = ToDoData1/Info.plist;
				INFOPLIST_KEY_UIApplicationSupportsIndirectInputEvents = YES;
				INFOPLIST_KEY_UILaunchStoryboardName = LaunchScreen;
				INFOPLIST_KEY_UIMainStoryboardFile = Main;
				INFOPLIST_KEY_UISupportedInterfaceOrientations_iPad = "UIInterfaceOrientationPortrait UIInterfaceOrientationPortraitUpsideDown UIInterfaceOrientationLandscapeLeft UIInterfaceOrientationLandscapeRight";
				INFOPLIST_KEY_UISupportedInterfaceOrientations_iPhone = "UIInterfaceOrientationPortrait UIInterfaceOrientationLandscapeLeft UIInterfaceOrientationLandscapeRight";
				LD_RUNPATH_SEARCH_PATHS = (
					"$(inherited)",
					"@executable_path/Frameworks",
				);
				MARKETING_VERSION = 1.0;
				PRODUCT_BUNDLE_IDENTIFIER = Admin.ToDoData1;
				PRODUCT_NAME = "$(TARGET_NAME)";
				SWIFT_EMIT_LOC_STRINGS = YES;
				SWIFT_VERSION = 5.0;
				TARGETED_DEVICE_FAMILY = "1,2";
			};
			name = Release;
		};
/* End XCBuildConfiguration section */

/* Begin XCConfigurationList section */
		5BA29F9A2B2871B600105A86 /* Build configuration list for PBXProject "ToDoData1" */ = {
			isa = XCConfigurationList;
			buildConfigurations = (
				5BA29FB12B2871B700105A86 /* Debug */,
				5BA29FB22B2871B700105A86 /* Release */,
			);
			defaultConfigurationIsVisible = 0;
			defaultConfigurationName = Release;
		};
		5BA29FB32B2871B700105A86 /* Build configuration list for PBXNativeTarget "ToDoData1" */ = {
			isa = XCConfigurationList;
			buildConfigurations = (
				5BA29FB42B2871B700105A86 /* Debug */,
				5BA29FB52B2871B700105A86 /* Release */,
			);
			defaultConfigurationIsVisible = 0;
			defaultConfigurationName = Release;
		};
/* End XCConfigurationList section */
	};
	rootObject = 5BA29F972B2871B600105A86 /* Project object */;
}
